
Microsoft Visual Studio Solution File, Format Version 12.00
# Visual Studio Version 17
VisualStudioVersion = 17.0.31710.8
MinimumVisualStudioVersion = 10.0.40219.1
Project("{2150E333-8FDC-42A3-9474-1A3956D46DE8}") = "src", "src", "{A43F1828-D9B6-40F7-82B6-CA0070843E2F}"
	ProjectSection(SolutionItems) = preProject
		src\Directory.Build.props = src\Directory.Build.props
	EndProjectSection
EndProject
Project("{2150E333-8FDC-42A3-9474-1A3956D46DE8}") = "Solution Items", "Solution Items", "{7B02E555-9633-4522-8C20-AD93C713C9AE}"
	ProjectSection(SolutionItems) = preProject
		.editorconfig = .editorconfig
		Directory.Build.props = Directory.Build.props
		Directory.Packages.props = Directory.Packages.props
	EndProjectSection
EndProject
Project("{9A19103F-16F7-4668-BE54-9A1E7A4F7556}") = "EntityFrameworkCore.Projectables", "src\EntityFrameworkCore.Projectables\EntityFrameworkCore.Projectables.csproj", "{EE4D6CC1-78DE-4279-A567-C3D360C479F8}"
EndProject
Global
	GlobalSection(SolutionConfigurationPlatforms) = preSolution
		Debug|Any CPU = Debug|Any CPU
		Release|Any CPU = Release|Any CPU
	EndGlobalSection
	GlobalSection(ProjectConfigurationPlatforms) = postSolution
		{EE4D6CC1-78DE-4279-A567-C3D360C479F8}.Debug|Any CPU.ActiveCfg = Debug|Any CPU
		{EE4D6CC1-78DE-4279-A567-C3D360C479F8}.Debug|Any CPU.Build.0 = Debug|Any CPU
		{EE4D6CC1-78DE-4279-A567-C3D360C479F8}.Release|Any CPU.ActiveCfg = Release|Any CPU
		{EE4D6CC1-78DE-4279-A567-C3D360C479F8}.Release|Any CPU.Build.0 = Release|Any CPU
	EndGlobalSection
	GlobalSection(SolutionProperties) = preSolution
		HideSolutionNode = FALSE
	EndGlobalSection
	GlobalSection(NestedProjects) = preSolution
		{EE4D6CC1-78DE-4279-A567-C3D360C479F8} = {A43F1828-D9B6-40F7-82B6-CA0070843E2F}
	EndGlobalSection
	GlobalSection(ExtensibilityGlobals) = postSolution
		SolutionGuid = {D17BD356-592C-4628-9D81-A04E24FF02F3}
	EndGlobalSection
EndGlobal
